
Microsoft Visual Studio Solution File, Format Version 12.00
# Visual Studio Version 17
VisualStudioVersion = 17.5.33516.290
MinimumVisualStudioVersion = 10.0.40219.1
Project("{9A19103F-16F7-4668-BE54-9A1E7A4F7556}") = "NodeDepths", "NodeDepths\NodeDepths.csproj", "{3F47EB02-3351-4CD6-9756-DC400930A220}"
EndProject
Project("{2150E333-8FDC-42A3-9474-1A3956D46DE8}") = "Easy", "Easy", "{7442AE58-C094-4BC9-93E2-654638DC308F}"
EndProject
Project("{2150E333-8FDC-42A3-9474-1A3956D46DE8}") = "Shared", "Shared", "{B4E8522D-7020-4209-BFD8-6CBB8CB2E9B4}"
EndProject
Project("{9A19103F-16F7-4668-BE54-9A1E7A4F7556}") = "SharedLogicTrees", "SharedLogicTrees\SharedLogicTrees.csproj", "{329F5976-0199-4521-A35E-D0D7318C108B}"
EndProject
Project("{9A19103F-16F7-4668-BE54-9A1E7A4F7556}") = "BranchSums", "BranchSums\BranchSums.csproj", "{425390CE-6D2E-45CE-B5EE-FBA34C350893}"
EndProject
Project("{2150E333-8FDC-42A3-9474-1A3956D46DE8}") = "Medium", "Medium", "{7CA7052E-ED00-44C6-A7F5-D8A34571FD51}"
EndProject
Project("{9A19103F-16F7-4668-BE54-9A1E7A4F7556}") = "FindSuccessorProject", "FindSuccessorProject\FindSuccessorProject.csproj", "{4C3E4F02-4CDE-4A33-B16C-4323F06064B8}"
EndProject
Project("{9A19103F-16F7-4668-BE54-9A1E7A4F7556}") = "InvertBinaryTree", "InvertBinaryTree\InvertBinaryTree.csproj", "{206F2EE6-0C1A-42A3-B36C-742FE7BC6EBE}"
EndProject
Project("{9A19103F-16F7-4668-BE54-9A1E7A4F7556}") = "BinaryTreeDiameter", "BinaryTreeDiameter\BinaryTreeDiameter.csproj", "{4EBC041C-2ED6-40C4-B4CF-8FBCE4800BDC}"
EndProject
Project("{9A19103F-16F7-4668-BE54-9A1E7A4F7556}") = "HeightBalancedBinaryTree", "HeightBalancedBinaryTree\HeightBalancedBinaryTree.csproj", "{1D253A18-3588-4004-980F-9E77DBCD0E6F}"
EndProject
Project("{FAE04EC0-301F-11D3-BF4B-00C04F79EFBC}") = "EvaluateExpressionTrees", "EvaluateExpressionTrees\EvaluateExpressionTrees.csproj", "{B92D67A2-FCE6-480D-BE51-91BA59632514}"
EndProject
Global
	GlobalSection(SolutionConfigurationPlatforms) = preSolution
		Debug|Any CPU = Debug|Any CPU
		Release|Any CPU = Release|Any CPU
	EndGlobalSection
	GlobalSection(ProjectConfigurationPlatforms) = postSolution
		{3F47EB02-3351-4CD6-9756-DC400930A220}.Debug|Any CPU.ActiveCfg = Debug|Any CPU
		{3F47EB02-3351-4CD6-9756-DC400930A220}.Debug|Any CPU.Build.0 = Debug|Any CPU
		{3F47EB02-3351-4CD6-9756-DC400930A220}.Release|Any CPU.ActiveCfg = Release|Any CPU
		{3F47EB02-3351-4CD6-9756-DC400930A220}.Release|Any CPU.Build.0 = Release|Any CPU
		{329F5976-0199-4521-A35E-D0D7318C108B}.Debug|Any CPU.ActiveCfg = Debug|Any CPU
		{329F5976-0199-4521-A35E-D0D7318C108B}.Debug|Any CPU.Build.0 = Debug|Any CPU
		{329F5976-0199-4521-A35E-D0D7318C108B}.Release|Any CPU.ActiveCfg = Release|Any CPU
		{329F5976-0199-4521-A35E-D0D7318C108B}.Release|Any CPU.Build.0 = Release|Any CPU
		{425390CE-6D2E-45CE-B5EE-FBA34C350893}.Debug|Any CPU.ActiveCfg = Debug|Any CPU
		{425390CE-6D2E-45CE-B5EE-FBA34C350893}.Debug|Any CPU.Build.0 = Debug|Any CPU
		{425390CE-6D2E-45CE-B5EE-FBA34C350893}.Release|Any CPU.ActiveCfg = Release|Any CPU
		{425390CE-6D2E-45CE-B5EE-FBA34C350893}.Release|Any CPU.Build.0 = Release|Any CPU
		{4C3E4F02-4CDE-4A33-B16C-4323F06064B8}.Debug|Any CPU.ActiveCfg = Debug|Any CPU
		{4C3E4F02-4CDE-4A33-B16C-4323F06064B8}.Debug|Any CPU.Build.0 = Debug|Any CPU
		{4C3E4F02-4CDE-4A33-B16C-4323F06064B8}.Release|Any CPU.ActiveCfg = Release|Any CPU
		{4C3E4F02-4CDE-4A33-B16C-4323F06064B8}.Release|Any CPU.Build.0 = Release|Any CPU
		{206F2EE6-0C1A-42A3-B36C-742FE7BC6EBE}.Debug|Any CPU.ActiveCfg = Debug|Any CPU
		{206F2EE6-0C1A-42A3-B36C-742FE7BC6EBE}.Debug|Any CPU.Build.0 = Debug|Any CPU
		{206F2EE6-0C1A-42A3-B36C-742FE7BC6EBE}.Release|Any CPU.ActiveCfg = Release|Any CPU
		{206F2EE6-0C1A-42A3-B36C-742FE7BC6EBE}.Release|Any CPU.Build.0 = Release|Any CPU
		{4EBC041C-2ED6-40C4-B4CF-8FBCE4800BDC}.Debug|Any CPU.ActiveCfg = Debug|Any CPU
		{4EBC041C-2ED6-40C4-B4CF-8FBCE4800BDC}.Debug|Any CPU.Build.0 = Debug|Any CPU
		{4EBC041C-2ED6-40C4-B4CF-8FBCE4800BDC}.Release|Any CPU.ActiveCfg = Release|Any CPU
		{4EBC041C-2ED6-40C4-B4CF-8FBCE4800BDC}.Release|Any CPU.Build.0 = Release|Any CPU
		{1D253A18-3588-4004-980F-9E77DBCD0E6F}.Debug|Any CPU.ActiveCfg = Debug|Any CPU
		{1D253A18-3588-4004-980F-9E77DBCD0E6F}.Debug|Any CPU.Build.0 = Debug|Any CPU
		{1D253A18-3588-4004-980F-9E77DBCD0E6F}.Release|Any CPU.ActiveCfg = Release|Any CPU
		{1D253A18-3588-4004-980F-9E77DBCD0E6F}.Release|Any CPU.Build.0 = Release|Any CPU
		{B92D67A2-FCE6-480D-BE51-91BA59632514}.Debug|Any CPU.ActiveCfg = Debug|Any CPU
		{B92D67A2-FCE6-480D-BE51-91BA59632514}.Debug|Any CPU.Build.0 = Debug|Any CPU
		{B92D67A2-FCE6-480D-BE51-91BA59632514}.Release|Any CPU.ActiveCfg = Release|Any CPU
		{B92D67A2-FCE6-480D-BE51-91BA59632514}.Release|Any CPU.Build.0 = Release|Any CPU
	EndGlobalSection
	GlobalSection(SolutionProperties) = preSolution
		HideSolutionNode = FALSE
	EndGlobalSection
	GlobalSection(NestedProjects) = preSolution
		{3F47EB02-3351-4CD6-9756-DC400930A220} = {7442AE58-C094-4BC9-93E2-654638DC308F}
		{329F5976-0199-4521-A35E-D0D7318C108B} = {B4E8522D-7020-4209-BFD8-6CBB8CB2E9B4}
		{425390CE-6D2E-45CE-B5EE-FBA34C350893} = {7442AE58-C094-4BC9-93E2-654638DC308F}
		{4C3E4F02-4CDE-4A33-B16C-4323F06064B8} = {7CA7052E-ED00-44C6-A7F5-D8A34571FD51}
		{206F2EE6-0C1A-42A3-B36C-742FE7BC6EBE} = {7CA7052E-ED00-44C6-A7F5-D8A34571FD51}
		{4EBC041C-2ED6-40C4-B4CF-8FBCE4800BDC} = {7CA7052E-ED00-44C6-A7F5-D8A34571FD51}
		{1D253A18-3588-4004-980F-9E77DBCD0E6F} = {7CA7052E-ED00-44C6-A7F5-D8A34571FD51}
		{B92D67A2-FCE6-480D-BE51-91BA59632514} = {7442AE58-C094-4BC9-93E2-654638DC308F}
	EndGlobalSection
	GlobalSection(ExtensibilityGlobals) = postSolution
		SolutionGuid = {EA17F4B6-775C-485E-881A-9FA9B21028D4}
	EndGlobalSection
EndGlobal
